Microsoft Visual Studio Solution File, Format Version 12.00
# Visual Studio Version 17
VisualStudioVersion = 17.13.35825.156
MinimumVisualStudioVersion = 10.0.40219.1
Project("{FAE04EC0-301F-11D3-BF4B-00C04F79EFBC}") = "WebCosett", "WebCosett\WebCosett.csproj", "{E8C0ECC8-5C02-45DE-92DA-FFD8C6080078}"
EndProject
Project("{54A90642-561A-4BB1-A94E-469ADEE60C69}") = "reactcosett", "reactcosett\reactcosett.esproj", "{D40B69C5-2BC3-B899-26D3-9131DFAB53C3}"
EndProject
Global
	GlobalSection(SolutionConfigurationPlatforms) = preSolution
		Debug|Any CPU = Debug|Any CPU
		Release|Any CPU = Release|Any CPU
	EndGlobalSection
	GlobalSection(ProjectConfigurationPlatforms) = postSolution
		{E8C0ECC8-5C02-45DE-92DA-FFD8C6080078}.Debug|Any CPU.ActiveCfg = Debug|Any CPU
		{E8C0ECC8-5C02-45DE-92DA-FFD8C6080078}.Debug|Any CPU.Build.0 = Debug|Any CPU
		{E8C0ECC8-5C02-45DE-92DA-FFD8C6080078}.Release|Any CPU.ActiveCfg = Release|Any CPU
		{E8C0ECC8-5C02-45DE-92DA-FFD8C6080078}.Release|Any CPU.Build.0 = Release|Any CPU
		{D40B69C5-2BC3-B899-26D3-9131DFAB53C3}.Debug|Any CPU.ActiveCfg = Debug|Any CPU
		{D40B69C5-2BC3-B899-26D3-9131DFAB53C3}.Debug|Any CPU.Build.0 = Debug|Any CPU
		{D40B69C5-2BC3-B899-26D3-9131DFAB53C3}.Debug|Any CPU.Deploy.0 = Debug|Any CPU
		{D40B69C5-2BC3-B899-26D3-9131DFAB53C3}.Release|Any CPU.ActiveCfg = Release|Any CPU
		{D40B69C5-2BC3-B899-26D3-9131DFAB53C3}.Release|Any CPU.Build.0 = Release|Any CPU
		{D40B69C5-2BC3-B899-26D3-9131DFAB53C3}.Release|Any CPU.Deploy.0 = Release|Any CPU
	EndGlobalSection
	GlobalSection(SolutionProperties) = preSolution
		HideSolutionNode = FALSE
	EndGlobalSection
	GlobalSection(ExtensibilityGlobals) = postSolution
		SolutionGuid = {6CFD4A59-B4A2-47CF-9516-F3843255C92C}
	EndGlobalSection
EndGlobal
